
Microsoft Visual Studio Solution File, Format Version 12.00
# Visual Studio Version 17
VisualStudioVersion = 17.5.33424.131
MinimumVisualStudioVersion = 10.0.40219.1
Project("{FAE04EC0-301F-11D3-BF4B-00C04F79EFBC}") = "DumbRendererDemosaic", "DumbRendererDemosaic\DumbRendererDemosaic.csproj", "{7B1C7EEA-1527-4777-BDD2-97E127E4E920}"
EndProject
Project("{FAE04EC0-301F-11D3-BF4B-00C04F79EFBC}") = "DumbTypeDemosaic", "DumbTypeDemosaic\DumbTypeDemosaic.csproj", "{744630F2-9886-40F1-9839-CB3B0D76A27C}"
EndProject
Project("{FAE04EC0-301F-11D3-BF4B-00C04F79EFBC}") = "CubismRendererDisableDemosaic", "CubismRendererDisableDemosaic\CubismRendererDisableDemosaic.csproj", "{62E38A3E-437A-497E-BC27-B7313DB272CF}"
EndProject
Project("{D954291E-2A0B-460D-934E-DC6B0785DB48}") = "DemosaicCommon", "DemozaicCommon\DemosaicCommon.shproj", "{1675BBF9-EB47-44DA-AA9B-F04795D72D43}"
EndProject
Project("{FAE04EC0-301F-11D3-BF4B-00C04F79EFBC}") = "MaterialReplaceDemosaic", "MaterialReplaceDemosaic\MaterialReplaceDemosaic.csproj", "{CDA3D3BA-F6AE-4AE9-9925-09BBC7436443}"
EndProject
Project("{FAE04EC0-301F-11D3-BF4B-00C04F79EFBC}") = "CombinedMeshDemosaic", "CombinedMeshDemosaic\CombinedMeshDemosaic.csproj", "{7FD05EB4-4DD2-4A3E-BEA2-A0F487A77E80}"
EndProject
Project("{9A19103F-16F7-4668-BE54-9A1E7A4F7556}") = "DumbRendererDemosaic_Il2Cpp_pre1", "DumbRendererDemosaicIl2Cpp\DumbRendererDemosaic_Il2Cpp_pre1.csproj", "{0A247FE9-26FC-4908-8436-6B2AC5797480}"
EndProject
Project("{FAE04EC0-301F-11D3-BF4B-00C04F79EFBC}") = "ShaderReplaceDemosaic", "ShaderReplaceDemosaic\ShaderReplaceDemosaic.csproj", "{C6D58894-59F2-482F-BA87-797453972842}"
EndProject
Project("{FAE04EC0-301F-11D3-BF4B-00C04F79EFBC}") = "DumbRendererDemosaic_Il2Cpp_net6", "DumbRendererDemosaicIl2Cpp_net6\DumbRendererDemosaic_Il2Cpp_net6.csproj", "{4AC35D4A-2E51-4F5A-81D7-F322D80E495F}"
EndProject
Global
	GlobalSection(SolutionConfigurationPlatforms) = preSolution
		Debug|Any CPU = Debug|Any CPU
		Release|Any CPU = Release|Any CPU
	EndGlobalSection
	GlobalSection(ProjectConfigurationPlatforms) = postSolution
		{7B1C7EEA-1527-4777-BDD2-97E127E4E920}.Debug|Any CPU.ActiveCfg = Debug|Any CPU
		{7B1C7EEA-1527-4777-BDD2-97E127E4E920}.Debug|Any CPU.Build.0 = Debug|Any CPU
		{7B1C7EEA-1527-4777-BDD2-97E127E4E920}.Release|Any CPU.ActiveCfg = Release|Any CPU
		{7B1C7EEA-1527-4777-BDD2-97E127E4E920}.Release|Any CPU.Build.0 = Release|Any CPU
		{744630F2-9886-40F1-9839-CB3B0D76A27C}.Debug|Any CPU.ActiveCfg = Debug|Any CPU
		{744630F2-9886-40F1-9839-CB3B0D76A27C}.Debug|Any CPU.Build.0 = Debug|Any CPU
		{744630F2-9886-40F1-9839-CB3B0D76A27C}.Release|Any CPU.ActiveCfg = Release|Any CPU
		{744630F2-9886-40F1-9839-CB3B0D76A27C}.Release|Any CPU.Build.0 = Release|Any CPU
		{62E38A3E-437A-497E-BC27-B7313DB272CF}.Debug|Any CPU.ActiveCfg = Debug|Any CPU
		{62E38A3E-437A-497E-BC27-B7313DB272CF}.Debug|Any CPU.Build.0 = Debug|Any CPU
		{62E38A3E-437A-497E-BC27-B7313DB272CF}.Release|Any CPU.ActiveCfg = Release|Any CPU
		{62E38A3E-437A-497E-BC27-B7313DB272CF}.Release|Any CPU.Build.0 = Release|Any CPU
		{CDA3D3BA-F6AE-4AE9-9925-09BBC7436443}.Debug|Any CPU.ActiveCfg = Debug|Any CPU
		{CDA3D3BA-F6AE-4AE9-9925-09BBC7436443}.Debug|Any CPU.Build.0 = Debug|Any CPU
		{CDA3D3BA-F6AE-4AE9-9925-09BBC7436443}.Release|Any CPU.ActiveCfg = Release|Any CPU
		{CDA3D3BA-F6AE-4AE9-9925-09BBC7436443}.Release|Any CPU.Build.0 = Release|Any CPU
		{7FD05EB4-4DD2-4A3E-BEA2-A0F487A77E80}.Debug|Any CPU.ActiveCfg = Debug|Any CPU
		{7FD05EB4-4DD2-4A3E-BEA2-A0F487A77E80}.Debug|Any CPU.Build.0 = Debug|Any CPU
		{7FD05EB4-4DD2-4A3E-BEA2-A0F487A77E80}.Release|Any CPU.ActiveCfg = Release|Any CPU
		{7FD05EB4-4DD2-4A3E-BEA2-A0F487A77E80}.Release|Any CPU.Build.0 = Release|Any CPU
		{0A247FE9-26FC-4908-8436-6B2AC5797480}.Debug|Any CPU.ActiveCfg = Debug|Any CPU
		{0A247FE9-26FC-4908-8436-6B2AC5797480}.Debug|Any CPU.Build.0 = Debug|Any CPU
		{0A247FE9-26FC-4908-8436-6B2AC5797480}.Release|Any CPU.ActiveCfg = Release|Any CPU
		{0A247FE9-26FC-4908-8436-6B2AC5797480}.Release|Any CPU.Build.0 = Release|Any CPU
		{C6D58894-59F2-482F-BA87-797453972842}.Debug|Any CPU.ActiveCfg = Debug|Any CPU
		{C6D58894-59F2-482F-BA87-797453972842}.Debug|Any CPU.Build.0 = Debug|Any CPU
		{C6D58894-59F2-482F-BA87-797453972842}.Release|Any CPU.ActiveCfg = Release|Any CPU
		{C6D58894-59F2-482F-BA87-797453972842}.Release|Any CPU.Build.0 = Release|Any CPU
		{4AC35D4A-2E51-4F5A-81D7-F322D80E495F}.Debug|Any CPU.ActiveCfg = Debug|Any CPU
		{4AC35D4A-2E51-4F5A-81D7-F322D80E495F}.Debug|Any CPU.Build.0 = Debug|Any CPU
		{4AC35D4A-2E51-4F5A-81D7-F322D80E495F}.Release|Any CPU.ActiveCfg = Release|Any CPU
		{4AC35D4A-2E51-4F5A-81D7-F322D80E495F}.Release|Any CPU.Build.0 = Release|Any CPU
	EndGlobalSection
	GlobalSection(SolutionProperties) = preSolution
		HideSolutionNode = FALSE
	EndGlobalSection
	GlobalSection(ExtensibilityGlobals) = postSolution
		SolutionGuid = {868EA3E5-2D00-4D39-8431-996D6A9164A9}
	EndGlobalSection
	GlobalSection(SharedMSBuildProjectFiles) = preSolution
		DemozaicCommon\DemozaicCommon.projitems*{0a247fe9-26fc-4908-8436-6b2ac5797480}*SharedItemsImports = 5
		DemozaicCommon\DemozaicCommon.projitems*{1675bbf9-eb47-44da-aa9b-f04795d72d43}*SharedItemsImports = 13
		DemozaicCommon\DemozaicCommon.projitems*{4ac35d4a-2e51-4f5a-81d7-f322d80e495f}*SharedItemsImports = 5
		DemozaicCommon\DemozaicCommon.projitems*{62e38a3e-437a-497e-bc27-b7313db272cf}*SharedItemsImports = 4
		DemozaicCommon\DemozaicCommon.projitems*{744630f2-9886-40f1-9839-cb3b0d76a27c}*SharedItemsImports = 4
		DemozaicCommon\DemozaicCommon.projitems*{7b1c7eea-1527-4777-bdd2-97e127e4e920}*SharedItemsImports = 4
		DemozaicCommon\DemozaicCommon.projitems*{7fd05eb4-4dd2-4a3e-bea2-a0f487a77e80}*SharedItemsImports = 4
		DemozaicCommon\DemozaicCommon.projitems*{c6d58894-59f2-482f-ba87-797453972842}*SharedItemsImports = 4
		DemozaicCommon\DemozaicCommon.projitems*{cda3d3ba-f6ae-4ae9-9925-09bbc7436443}*SharedItemsImports = 4
	EndGlobalSection
EndGlobal
